
Microsoft Visual Studio Solution File, Format Version 12.00
# Visual Studio Version 17
VisualStudioVersion = 17.5.002.0
MinimumVisualStudioVersion = 10.0.40219.1
Project("{2150E333-8FDC-42A3-9474-1A3956D46DE8}") = "Finished", "Finished", "{C8D7D76D-DC15-4651-9BE2-4FEBD371BCF8}"
EndProject
Project("{2150E333-8FDC-42A3-9474-1A3956D46DE8}") = "Strings", "Strings", "{B1C07C46-9B0A-49B9-9E1F-51347A5C82F5}"
EndProject
Project("{9A19103F-16F7-4668-BE54-9A1E7A4F7556}") = "Operations", "Finished\Strings\Operations\Operations.csproj", "{7A1419F0-C4CF-4B93-B51F-B9CD6C0EF7DA}"
EndProject
Project("{9A19103F-16F7-4668-BE54-9A1E7A4F7556}") = "Formatting", "Finished\Strings\Formatting\Formatting.csproj", "{B15E0317-1183-4B1C-9D6B-BBDF8EEA68CB}"
EndProject
Project("{9A19103F-16F7-4668-BE54-9A1E7A4F7556}") = "Parsing", "Finished\Strings\Parsing\Parsing.csproj", "{9F9CB6F0-E9EF-44FB-9A2A-D0835D9EC3FF}"
EndProject
Project("{9A19103F-16F7-4668-BE54-9A1E7A4F7556}") = "Builder", "Finished\Strings\Builder\Builder.csproj", "{FBF7ABA0-D1AB-46B2-8F45-B6129FB6E28B}"
EndProject
Project("{9A19103F-16F7-4668-BE54-9A1E7A4F7556}") = "Strings", "Finished\Strings\Interpolation\Strings.csproj", "{871797A2-E8AC-40A5-AC24-7A354FE23C2D}"
EndProject
Project("{2150E333-8FDC-42A3-9474-1A3956D46DE8}") = "Classes", "Classes", "{619D3E33-9C19-437A-9FB1-A5DDF4436FB9}"
EndProject
Project("{9A19103F-16F7-4668-BE54-9A1E7A4F7556}") = "Modifiers", "Finished\Classes\Modifiers\Modifiers.csproj", "{21E49583-2D98-46B4-A3DB-DCCB618CB30C}"
EndProject
Project("{9A19103F-16F7-4668-BE54-9A1E7A4F7556}") = "StringRep", "Finished\Classes\StringRep\StringRep.csproj", "{EC5E081E-927A-4D31-9FC4-6928E69FC8BD}"
EndProject
Project("{9A19103F-16F7-4668-BE54-9A1E7A4F7556}") = "Inheritance", "Finished\Classes\Inheritance\Inheritance.csproj", "{AB90DB30-63D4-4A11-863D-F494A2E7796A}"
EndProject
Project("{9A19103F-16F7-4668-BE54-9A1E7A4F7556}") = "Properties", "Finished\Classes\Properties\Properties.csproj", "{F8098CC5-5CEC-4DE8-B2BB-A4C5D720F9C4}"
EndProject
Project("{9A19103F-16F7-4668-BE54-9A1E7A4F7556}") = "Defining", "Finished\Classes\Defining\Defining.csproj", "{5C56FBA8-DA0C-4E1B-BFBA-6AC13D77D725}"
EndProject
Project("{2150E333-8FDC-42A3-9474-1A3956D46DE8}") = "Functions", "Functions", "{1DA5AB6E-B738-449C-B43C-0857733A10C8}"
EndProject
Project("{9A19103F-16F7-4668-BE54-9A1E7A4F7556}") = "Basics", "Finished\Functions\Basics\Basics.csproj", "{14ED3687-BD96-445C-9AFF-0DFDB783F8C3}"
EndProject
Project("{9A19103F-16F7-4668-BE54-9A1E7A4F7556}") = "RefAndOut", "Finished\Functions\RefAndOutParams\RefAndOut.csproj", "{AE56DE2C-471D-4946-99B9-F514B660212F}"
EndProject
Project("{9A19103F-16F7-4668-BE54-9A1E7A4F7556}") = "MultiValues", "Finished\Functions\MultiValues\MultiValues.csproj", "{70C7B9DD-0B80-4C1E-8163-02B0DEBFF3F4}"
EndProject
Project("{9A19103F-16F7-4668-BE54-9A1E7A4F7556}") = "Params", "Finished\Functions\DefaultParams\Params.csproj", "{8E7820E3-5636-425A-B664-8155790084D0}"
EndProject
Project("{2150E333-8FDC-42A3-9474-1A3956D46DE8}") = "Program Flow", "Program Flow", "{29B78420-C42E-4EFB-8876-92925439FB7F}"
EndProject
Project("{9A19103F-16F7-4668-BE54-9A1E7A4F7556}") = "ForLoops", "Finished\Program Flow\ForLoops\ForLoops.csproj", "{53F4118E-4D7A-4CCF-8259-05CB7E1D0ABB}"
EndProject
Project("{9A19103F-16F7-4668-BE54-9A1E7A4F7556}") = "Exceptions", "Finished\Program Flow\Exceptions\Exceptions.csproj", "{B3D31F2C-23E5-417B-A7AD-8D4012CEA821}"
EndProject
Project("{9A19103F-16F7-4668-BE54-9A1E7A4F7556}") = "WhileLoops", "Finished\Program Flow\WhileLoops\WhileLoops.csproj", "{E99C6465-61D1-48B4-8B5C-1D4462E3C496}"
EndProject
Project("{9A19103F-16F7-4668-BE54-9A1E7A4F7556}") = "ConditionalOps", "Finished\Program Flow\Conditional-switch\ConditionalOps.csproj", "{A97E76A5-874D-420F-8C49-67C2ADF35DBE}"
EndProject
Project("{9A19103F-16F7-4668-BE54-9A1E7A4F7556}") = "Conditionals", "Finished\Program Flow\Conditional-if\Conditionals.csproj", "{E2C2C1BA-7431-4C53-A576-A2F8B4A2698E}"
EndProject
Project("{9A19103F-16F7-4668-BE54-9A1E7A4F7556}") = "BreakContinue", "Finished\Program Flow\BreakContinue\BreakContinue.csproj", "{A13937A5-EE80-483D-8FAF-81971F62968E}"
EndProject
Project("{2150E333-8FDC-42A3-9474-1A3956D46DE8}") = "Overview", "Overview", "{A78ED937-00D4-431B-AFB3-855EB92DCB6B}"
EndProject
Project("{9A19103F-16F7-4668-BE54-9A1E7A4F7556}") = "HelloWorld", "Finished\Overview\HelloWorld\HelloWorld.csproj", "{BD25A05A-1D64-487C-A8CD-2725D48CA397}"
EndProject
Project("{9A19103F-16F7-4668-BE54-9A1E7A4F7556}") = "Comments", "Finished\Overview\Comments\Comments.csproj", "{A21D8FC7-AF27-4C6C-A0DF-413D4D61686B}"
EndProject
Project("{9A19103F-16F7-4668-BE54-9A1E7A4F7556}") = "Operators", "Finished\Overview\Operators\Operators.csproj", "{2372F937-CD20-47EA-9107-4CAEA86B598D}"
EndProject
Project("{9A19103F-16F7-4668-BE54-9A1E7A4F7556}") = "VarsAndData", "Finished\Overview\VarsAndData\VarsAndData.csproj", "{0521DC03-378A-4563-A1AC-D93BC3B39724}"
EndProject
Project("{2150E333-8FDC-42A3-9474-1A3956D46DE8}") = "Start", "Start", "{29B650AB-A22E-43E9-81C3-0A1424378A2B}"
EndProject
Project("{2150E333-8FDC-42A3-9474-1A3956D46DE8}") = "Strings", "Strings", "{F0039DB8-ED1E-4236-BB1D-6624564F7949}"
EndProject
Project("{9A19103F-16F7-4668-BE54-9A1E7A4F7556}") = "Operations", "Start\Strings\Operations\Operations.csproj", "{4F0ABE5F-9B92-423E-A3BC-BBA81427A36D}"
EndProject
Project("{9A19103F-16F7-4668-BE54-9A1E7A4F7556}") = "Formatting", "Start\Strings\Formatting\Formatting.csproj", "{532BD764-ED78-4921-AB66-8C948C178B78}"
EndProject
Project("{9A19103F-16F7-4668-BE54-9A1E7A4F7556}") = "Parsing", "Start\Strings\Parsing\Parsing.csproj", "{BF073D0F-8FD8-4CBB-9C97-5806B0EB4A23}"
EndProject
Project("{9A19103F-16F7-4668-BE54-9A1E7A4F7556}") = "Builder", "Start\Strings\Builder\Builder.csproj", "{E63A3F3F-DDD1-4929-B5A1-0384A9A17E0F}"
EndProject
Project("{9A19103F-16F7-4668-BE54-9A1E7A4F7556}") = "Strings", "Start\Strings\Interpolation\Strings.csproj", "{892C777F-2309-4A1B-92FE-F98CA88073A5}"
EndProject
Project("{2150E333-8FDC-42A3-9474-1A3956D46DE8}") = "Classes", "Classes", "{B26C736F-D17E-416C-86AB-75484DA0DB44}"
EndProject
Project("{9A19103F-16F7-4668-BE54-9A1E7A4F7556}") = "Modifiers", "Start\Classes\Modifiers\Modifiers.csproj", "{F3EAC040-41D0-40EC-B343-DAB9ED08A3D6}"
EndProject
Project("{9A19103F-16F7-4668-BE54-9A1E7A4F7556}") = "StringRep", "Start\Classes\StringRep\StringRep.csproj", "{AD54F92E-57DA-4A68-9831-79F525F6BE7E}"
EndProject
Project("{9A19103F-16F7-4668-BE54-9A1E7A4F7556}") = "Inheritance", "Start\Classes\Inheritance\Inheritance.csproj", "{BDFE9C7F-58DF-44B2-85E8-3F2BA7A7460B}"
EndProject
Project("{9A19103F-16F7-4668-BE54-9A1E7A4F7556}") = "Properties", "Start\Classes\Properties\Properties.csproj", "{815AD331-D600-4213-80FC-EFF67528A4BD}"
EndProject
Project("{9A19103F-16F7-4668-BE54-9A1E7A4F7556}") = "Defining", "Start\Classes\Defining\Defining.csproj", "{4C4FC71F-461F-461D-984A-B22783B47CBB}"
EndProject
Project("{2150E333-8FDC-42A3-9474-1A3956D46DE8}") = "Functions", "Functions", "{CD7567DD-0487-4C81-9FB1-878C1CAB90FD}"
EndProject
Project("{9A19103F-16F7-4668-BE54-9A1E7A4F7556}") = "Basics", "Start\Functions\Basics\Basics.csproj", "{672A0195-C492-44E0-BE0C-BCDAE5533F3D}"
EndProject
Project("{9A19103F-16F7-4668-BE54-9A1E7A4F7556}") = "RefAndOut", "Start\Functions\RefAndOutParams\RefAndOut.csproj", "{81323965-580E-4356-BE87-D9CBD53080DA}"
EndProject
Project("{9A19103F-16F7-4668-BE54-9A1E7A4F7556}") = "MultiValues", "Start\Functions\MultiValues\MultiValues.csproj", "{7B2790D5-3741-4AD0-BC94-93B24D637EA3}"
EndProject
Project("{9A19103F-16F7-4668-BE54-9A1E7A4F7556}") = "Params", "Start\Functions\DefaultParams\Params.csproj", "{FB47606B-2453-4059-B6CE-99FDA3634B0D}"
EndProject
Project("{2150E333-8FDC-42A3-9474-1A3956D46DE8}") = "Program Flow", "Program Flow", "{EBBB2F79-5261-499D-99BE-EDE39B1F584F}"
EndProject
Project("{9A19103F-16F7-4668-BE54-9A1E7A4F7556}") = "ForLoops", "Start\Program Flow\ForLoops\ForLoops.csproj", "{526E12AF-41AA-40DA-9D65-8E4B663470ED}"
EndProject
Project("{9A19103F-16F7-4668-BE54-9A1E7A4F7556}") = "Exceptions", "Start\Program Flow\Exceptions\Exceptions.csproj", "{CEDA29CB-078E-4093-B2F4-55933DD1483E}"
EndProject
Project("{9A19103F-16F7-4668-BE54-9A1E7A4F7556}") = "WhileLoops", "Start\Program Flow\WhileLoops\WhileLoops.csproj", "{3D2CD739-31CB-4C26-A429-8F994C68622D}"
EndProject
Project("{9A19103F-16F7-4668-BE54-9A1E7A4F7556}") = "ConditionalOps", "Start\Program Flow\Conditional-switch\ConditionalOps.csproj", "{C8932A84-9AD5-49E8-B3BB-CBDF298EA2B1}"
EndProject
Project("{9A19103F-16F7-4668-BE54-9A1E7A4F7556}") = "Conditionals", "Start\Program Flow\Conditional-if\Conditionals.csproj", "{FC949F3F-B414-455E-9182-70673C0B135F}"
EndProject
Project("{9A19103F-16F7-4668-BE54-9A1E7A4F7556}") = "BreakContinue", "Start\Program Flow\BreakContinue\BreakContinue.csproj", "{6DCA6259-3168-4BCA-AE2C-98B69E35407D}"
EndProject
Project("{2150E333-8FDC-42A3-9474-1A3956D46DE8}") = "Overview", "Overview", "{80C0E310-1257-414D-8B76-1B8F12239B2C}"
EndProject
Project("{9A19103F-16F7-4668-BE54-9A1E7A4F7556}") = "Comments", "Start\Overview\Comments\Comments.csproj", "{C8EBBE2C-5314-4C15-B0FF-60CEEEC2D5B3}"
EndProject
Project("{9A19103F-16F7-4668-BE54-9A1E7A4F7556}") = "Operators", "Start\Overview\Operators\Operators.csproj", "{28AD60C1-6339-43D6-8D4E-30B1E5FDCFC3}"
EndProject
Project("{9A19103F-16F7-4668-BE54-9A1E7A4F7556}") = "VarsAndData", "Start\Overview\VarsAndData\VarsAndData.csproj", "{611E2E91-839B-4111-A3E0-A3F5E3BA6566}"
EndProject
Global
	GlobalSection(SolutionConfigurationPlatforms) = preSolution
		Debug|Any CPU = Debug|Any CPU
		Release|Any CPU = Release|Any CPU
	EndGlobalSection
	GlobalSection(ProjectConfigurationPlatforms) = postSolution
		{7A1419F0-C4CF-4B93-B51F-B9CD6C0EF7DA}.Debug|Any CPU.ActiveCfg = Debug|Any CPU
		{7A1419F0-C4CF-4B93-B51F-B9CD6C0EF7DA}.Debug|Any CPU.Build.0 = Debug|Any CPU
		{7A1419F0-C4CF-4B93-B51F-B9CD6C0EF7DA}.Release|Any CPU.ActiveCfg = Release|Any CPU
		{7A1419F0-C4CF-4B93-B51F-B9CD6C0EF7DA}.Release|Any CPU.Build.0 = Release|Any CPU
		{B15E0317-1183-4B1C-9D6B-BBDF8EEA68CB}.Debug|Any CPU.ActiveCfg = Debug|Any CPU
		{B15E0317-1183-4B1C-9D6B-BBDF8EEA68CB}.Debug|Any CPU.Build.0 = Debug|Any CPU
		{B15E0317-1183-4B1C-9D6B-BBDF8EEA68CB}.Release|Any CPU.ActiveCfg = Release|Any CPU
		{B15E0317-1183-4B1C-9D6B-BBDF8EEA68CB}.Release|Any CPU.Build.0 = Release|Any CPU
		{9F9CB6F0-E9EF-44FB-9A2A-D0835D9EC3FF}.Debug|Any CPU.ActiveCfg = Debug|Any CPU
		{9F9CB6F0-E9EF-44FB-9A2A-D0835D9EC3FF}.Debug|Any CPU.Build.0 = Debug|Any CPU
		{9F9CB6F0-E9EF-44FB-9A2A-D0835D9EC3FF}.Release|Any CPU.ActiveCfg = Release|Any CPU
		{9F9CB6F0-E9EF-44FB-9A2A-D0835D9EC3FF}.Release|Any CPU.Build.0 = Release|Any CPU
		{FBF7ABA0-D1AB-46B2-8F45-B6129FB6E28B}.Debug|Any CPU.ActiveCfg = Debug|Any CPU
		{FBF7ABA0-D1AB-46B2-8F45-B6129FB6E28B}.Debug|Any CPU.Build.0 = Debug|Any CPU
		{FBF7ABA0-D1AB-46B2-8F45-B6129FB6E28B}.Release|Any CPU.ActiveCfg = Release|Any CPU
		{FBF7ABA0-D1AB-46B2-8F45-B6129FB6E28B}.Release|Any CPU.Build.0 = Release|Any CPU
		{871797A2-E8AC-40A5-AC24-7A354FE23C2D}.Debug|Any CPU.ActiveCfg = Debug|Any CPU
		{871797A2-E8AC-40A5-AC24-7A354FE23C2D}.Debug|Any CPU.Build.0 = Debug|Any CPU
		{871797A2-E8AC-40A5-AC24-7A354FE23C2D}.Release|Any CPU.ActiveCfg = Release|Any CPU
		{871797A2-E8AC-40A5-AC24-7A354FE23C2D}.Release|Any CPU.Build.0 = Release|Any CPU
		{21E49583-2D98-46B4-A3DB-DCCB618CB30C}.Debug|Any CPU.ActiveCfg = Debug|Any CPU
		{21E49583-2D98-46B4-A3DB-DCCB618CB30C}.Debug|Any CPU.Build.0 = Debug|Any CPU
		{21E49583-2D98-46B4-A3DB-DCCB618CB30C}.Release|Any CPU.ActiveCfg = Release|Any CPU
		{21E49583-2D98-46B4-A3DB-DCCB618CB30C}.Release|Any CPU.Build.0 = Release|Any CPU
		{EC5E081E-927A-4D31-9FC4-6928E69FC8BD}.Debug|Any CPU.ActiveCfg = Debug|Any CPU
		{EC5E081E-927A-4D31-9FC4-6928E69FC8BD}.Debug|Any CPU.Build.0 = Debug|Any CPU
		{EC5E081E-927A-4D31-9FC4-6928E69FC8BD}.Release|Any CPU.ActiveCfg = Release|Any CPU
		{EC5E081E-927A-4D31-9FC4-6928E69FC8BD}.Release|Any CPU.Build.0 = Release|Any CPU
		{AB90DB30-63D4-4A11-863D-F494A2E7796A}.Debug|Any CPU.ActiveCfg = Debug|Any CPU
		{AB90DB30-63D4-4A11-863D-F494A2E7796A}.Debug|Any CPU.Build.0 = Debug|Any CPU
		{AB90DB30-63D4-4A11-863D-F494A2E7796A}.Release|Any CPU.ActiveCfg = Release|Any CPU
		{AB90DB30-63D4-4A11-863D-F494A2E7796A}.Release|Any CPU.Build.0 = Release|Any CPU
		{F8098CC5-5CEC-4DE8-B2BB-A4C5D720F9C4}.Debug|Any CPU.ActiveCfg = Debug|Any CPU
		{F8098CC5-5CEC-4DE8-B2BB-A4C5D720F9C4}.Debug|Any CPU.Build.0 = Debug|Any CPU
		{F8098CC5-5CEC-4DE8-B2BB-A4C5D720F9C4}.Release|Any CPU.ActiveCfg = Release|Any CPU
		{F8098CC5-5CEC-4DE8-B2BB-A4C5D720F9C4}.Release|Any CPU.Build.0 = Release|Any CPU
		{5C56FBA8-DA0C-4E1B-BFBA-6AC13D77D725}.Debug|Any CPU.ActiveCfg = Debug|Any CPU
		{5C56FBA8-DA0C-4E1B-BFBA-6AC13D77D725}.Debug|Any CPU.Build.0 = Debug|Any CPU
		{5C56FBA8-DA0C-4E1B-BFBA-6AC13D77D725}.Release|Any CPU.ActiveCfg = Release|Any CPU
		{5C56FBA8-DA0C-4E1B-BFBA-6AC13D77D725}.Release|Any CPU.Build.0 = Release|Any CPU
		{14ED3687-BD96-445C-9AFF-0DFDB783F8C3}.Debug|Any CPU.ActiveCfg = Debug|Any CPU
		{14ED3687-BD96-445C-9AFF-0DFDB783F8C3}.Debug|Any CPU.Build.0 = Debug|Any CPU
		{14ED3687-BD96-445C-9AFF-0DFDB783F8C3}.Release|Any CPU.ActiveCfg = Release|Any CPU
		{14ED3687-BD96-445C-9AFF-0DFDB783F8C3}.Release|Any CPU.Build.0 = Release|Any CPU
		{AE56DE2C-471D-4946-99B9-F514B660212F}.Debug|Any CPU.ActiveCfg = Debug|Any CPU
		{AE56DE2C-471D-4946-99B9-F514B660212F}.Debug|Any CPU.Build.0 = Debug|Any CPU
		{AE56DE2C-471D-4946-99B9-F514B660212F}.Release|Any CPU.ActiveCfg = Release|Any CPU
		{AE56DE2C-471D-4946-99B9-F514B660212F}.Release|Any CPU.Build.0 = Release|Any CPU
		{70C7B9DD-0B80-4C1E-8163-02B0DEBFF3F4}.Debug|Any CPU.ActiveCfg = Debug|Any CPU
		{70C7B9DD-0B80-4C1E-8163-02B0DEBFF3F4}.Debug|Any CPU.Build.0 = Debug|Any CPU
		{70C7B9DD-0B80-4C1E-8163-02B0DEBFF3F4}.Release|Any CPU.ActiveCfg = Release|Any CPU
		{70C7B9DD-0B80-4C1E-8163-02B0DEBFF3F4}.Release|Any CPU.Build.0 = Release|Any CPU
		{8E7820E3-5636-425A-B664-8155790084D0}.Debug|Any CPU.ActiveCfg = Debug|Any CPU
		{8E7820E3-5636-425A-B664-8155790084D0}.Debug|Any CPU.Build.0 = Debug|Any CPU
		{8E7820E3-5636-425A-B664-8155790084D0}.Release|Any CPU.ActiveCfg = Release|Any CPU
		{8E7820E3-5636-425A-B664-8155790084D0}.Release|Any CPU.Build.0 = Release|Any CPU
		{53F4118E-4D7A-4CCF-8259-05CB7E1D0ABB}.Debug|Any CPU.ActiveCfg = Debug|Any CPU
		{53F4118E-4D7A-4CCF-8259-05CB7E1D0ABB}.Debug|Any CPU.Build.0 = Debug|Any CPU
		{53F4118E-4D7A-4CCF-8259-05CB7E1D0ABB}.Release|Any CPU.ActiveCfg = Release|Any CPU
		{53F4118E-4D7A-4CCF-8259-05CB7E1D0ABB}.Release|Any CPU.Build.0 = Release|Any CPU
		{B3D31F2C-23E5-417B-A7AD-8D4012CEA821}.Debug|Any CPU.ActiveCfg = Debug|Any CPU
		{B3D31F2C-23E5-417B-A7AD-8D4012CEA821}.Debug|Any CPU.Build.0 = Debug|Any CPU
		{B3D31F2C-23E5-417B-A7AD-8D4012CEA821}.Release|Any CPU.ActiveCfg = Release|Any CPU
		{B3D31F2C-23E5-417B-A7AD-8D4012CEA821}.Release|Any CPU.Build.0 = Release|Any CPU
		{E99C6465-61D1-48B4-8B5C-1D4462E3C496}.Debug|Any CPU.ActiveCfg = Debug|Any CPU
		{E99C6465-61D1-48B4-8B5C-1D4462E3C496}.Debug|Any CPU.Build.0 = Debug|Any CPU
		{E99C6465-61D1-48B4-8B5C-1D4462E3C496}.Release|Any CPU.ActiveCfg = Release|Any CPU
		{E99C6465-61D1-48B4-8B5C-1D4462E3C496}.Release|Any CPU.Build.0 = Release|Any CPU
		{A97E76A5-874D-420F-8C49-67C2ADF35DBE}.Debug|Any CPU.ActiveCfg = Debug|Any CPU
		{A97E76A5-874D-420F-8C49-67C2ADF35DBE}.Debug|Any CPU.Build.0 = Debug|Any CPU
		{A97E76A5-874D-420F-8C49-67C2ADF35DBE}.Release|Any CPU.ActiveCfg = Release|Any CPU
		{A97E76A5-874D-420F-8C49-67C2ADF35DBE}.Release|Any CPU.Build.0 = Release|Any CPU
		{E2C2C1BA-7431-4C53-A576-A2F8B4A2698E}.Debug|Any CPU.ActiveCfg = Debug|Any CPU
		{E2C2C1BA-7431-4C53-A576-A2F8B4A2698E}.Debug|Any CPU.Build.0 = Debug|Any CPU
		{E2C2C1BA-7431-4C53-A576-A2F8B4A2698E}.Release|Any CPU.ActiveCfg = Release|Any CPU
		{E2C2C1BA-7431-4C53-A576-A2F8B4A2698E}.Release|Any CPU.Build.0 = Release|Any CPU
		{A13937A5-EE80-483D-8FAF-81971F62968E}.Debug|Any CPU.ActiveCfg = Debug|Any CPU
		{A13937A5-EE80-483D-8FAF-81971F62968E}.Debug|Any CPU.Build.0 = Debug|Any CPU
		{A13937A5-EE80-483D-8FAF-81971F62968E}.Release|Any CPU.ActiveCfg = Release|Any CPU
		{A13937A5-EE80-483D-8FAF-81971F62968E}.Release|Any CPU.Build.0 = Release|Any CPU
		{BD25A05A-1D64-487C-A8CD-2725D48CA397}.Debug|Any CPU.ActiveCfg = Debug|Any CPU
		{BD25A05A-1D64-487C-A8CD-2725D48CA397}.Debug|Any CPU.Build.0 = Debug|Any CPU
		{BD25A05A-1D64-487C-A8CD-2725D48CA397}.Release|Any CPU.ActiveCfg = Release|Any CPU
		{BD25A05A-1D64-487C-A8CD-2725D48CA397}.Release|Any CPU.Build.0 = Release|Any CPU
		{A21D8FC7-AF27-4C6C-A0DF-413D4D61686B}.Debug|Any CPU.ActiveCfg = Debug|Any CPU
		{A21D8FC7-AF27-4C6C-A0DF-413D4D61686B}.Debug|Any CPU.Build.0 = Debug|Any CPU
		{A21D8FC7-AF27-4C6C-A0DF-413D4D61686B}.Release|Any CPU.ActiveCfg = Release|Any CPU
		{A21D8FC7-AF27-4C6C-A0DF-413D4D61686B}.Release|Any CPU.Build.0 = Release|Any CPU
		{2372F937-CD20-47EA-9107-4CAEA86B598D}.Debug|Any CPU.ActiveCfg = Debug|Any CPU
		{2372F937-CD20-47EA-9107-4CAEA86B598D}.Debug|Any CPU.Build.0 = Debug|Any CPU
		{2372F937-CD20-47EA-9107-4CAEA86B598D}.Release|Any CPU.ActiveCfg = Release|Any CPU
		{2372F937-CD20-47EA-9107-4CAEA86B598D}.Release|Any CPU.Build.0 = Release|Any CPU
		{0521DC03-378A-4563-A1AC-D93BC3B39724}.Debug|Any CPU.ActiveCfg = Debug|Any CPU
		{0521DC03-378A-4563-A1AC-D93BC3B39724}.Debug|Any CPU.Build.0 = Debug|Any CPU
		{0521DC03-378A-4563-A1AC-D93BC3B39724}.Release|Any CPU.ActiveCfg = Release|Any CPU
		{0521DC03-378A-4563-A1AC-D93BC3B39724}.Release|Any CPU.Build.0 = Release|Any CPU
		{4F0ABE5F-9B92-423E-A3BC-BBA81427A36D}.Debug|Any CPU.ActiveCfg = Debug|Any CPU
		{4F0ABE5F-9B92-423E-A3BC-BBA81427A36D}.Debug|Any CPU.Build.0 = Debug|Any CPU
		{4F0ABE5F-9B92-423E-A3BC-BBA81427A36D}.Release|Any CPU.ActiveCfg = Release|Any CPU
		{4F0ABE5F-9B92-423E-A3BC-BBA81427A36D}.Release|Any CPU.Build.0 = Release|Any CPU
		{532BD764-ED78-4921-AB66-8C948C178B78}.Debug|Any CPU.ActiveCfg = Debug|Any CPU
		{532BD764-ED78-4921-AB66-8C948C178B78}.Debug|Any CPU.Build.0 = Debug|Any CPU
		{532BD764-ED78-4921-AB66-8C948C178B78}.Release|Any CPU.ActiveCfg = Release|Any CPU
		{532BD764-ED78-4921-AB66-8C948C178B78}.Release|Any CPU.Build.0 = Release|Any CPU
		{BF073D0F-8FD8-4CBB-9C97-5806B0EB4A23}.Debug|Any CPU.ActiveCfg = Debug|Any CPU
		{BF073D0F-8FD8-4CBB-9C97-5806B0EB4A23}.Debug|Any CPU.Build.0 = Debug|Any CPU
		{BF073D0F-8FD8-4CBB-9C97-5806B0EB4A23}.Release|Any CPU.ActiveCfg = Release|Any CPU
		{BF073D0F-8FD8-4CBB-9C97-5806B0EB4A23}.Release|Any CPU.Build.0 = Release|Any CPU
		{E63A3F3F-DDD1-4929-B5A1-0384A9A17E0F}.Debug|Any CPU.ActiveCfg = Debug|Any CPU
		{E63A3F3F-DDD1-4929-B5A1-0384A9A17E0F}.Debug|Any CPU.Build.0 = Debug|Any CPU
		{E63A3F3F-DDD1-4929-B5A1-0384A9A17E0F}.Release|Any CPU.ActiveCfg = Release|Any CPU
		{E63A3F3F-DDD1-4929-B5A1-0384A9A17E0F}.Release|Any CPU.Build.0 = Release|Any CPU
		{892C777F-2309-4A1B-92FE-F98CA88073A5}.Debug|Any CPU.ActiveCfg = Debug|Any CPU
		{892C777F-2309-4A1B-92FE-F98CA88073A5}.Debug|Any CPU.Build.0 = Debug|Any CPU
		{892C777F-2309-4A1B-92FE-F98CA88073A5}.Release|Any CPU.ActiveCfg = Release|Any CPU
		{892C777F-2309-4A1B-92FE-F98CA88073A5}.Release|Any CPU.Build.0 = Release|Any CPU
		{F3EAC040-41D0-40EC-B343-DAB9ED08A3D6}.Debug|Any CPU.ActiveCfg = Debug|Any CPU
		{F3EAC040-41D0-40EC-B343-DAB9ED08A3D6}.Debug|Any CPU.Build.0 = Debug|Any CPU
		{F3EAC040-41D0-40EC-B343-DAB9ED08A3D6}.Release|Any CPU.ActiveCfg = Release|Any CPU
		{F3EAC040-41D0-40EC-B343-DAB9ED08A3D6}.Release|Any CPU.Build.0 = Release|Any CPU
		{AD54F92E-57DA-4A68-9831-79F525F6BE7E}.Debug|Any CPU.ActiveCfg = Debug|Any CPU
		{AD54F92E-57DA-4A68-9831-79F525F6BE7E}.Debug|Any CPU.Build.0 = Debug|Any CPU
		{AD54F92E-57DA-4A68-9831-79F525F6BE7E}.Release|Any CPU.ActiveCfg = Release|Any CPU
		{AD54F92E-57DA-4A68-9831-79F525F6BE7E}.Release|Any CPU.Build.0 = Release|Any CPU
		{BDFE9C7F-58DF-44B2-85E8-3F2BA7A7460B}.Debug|Any CPU.ActiveCfg = Debug|Any CPU
		{BDFE9C7F-58DF-44B2-85E8-3F2BA7A7460B}.Debug|Any CPU.Build.0 = Debug|Any CPU
		{BDFE9C7F-58DF-44B2-85E8-3F2BA7A7460B}.Release|Any CPU.ActiveCfg = Release|Any CPU
		{BDFE9C7F-58DF-44B2-85E8-3F2BA7A7460B}.Release|Any CPU.Build.0 = Release|Any CPU
		{815AD331-D600-4213-80FC-EFF67528A4BD}.Debug|Any CPU.ActiveCfg = Debug|Any CPU
		{815AD331-D600-4213-80FC-EFF67528A4BD}.Debug|Any CPU.Build.0 = Debug|Any CPU
		{815AD331-D600-4213-80FC-EFF67528A4BD}.Release|Any CPU.ActiveCfg = Release|Any CPU
		{815AD331-D600-4213-80FC-EFF67528A4BD}.Release|Any CPU.Build.0 = Release|Any CPU
		{4C4FC71F-461F-461D-984A-B22783B47CBB}.Debug|Any CPU.ActiveCfg = Debug|Any CPU
		{4C4FC71F-461F-461D-984A-B22783B47CBB}.Debug|Any CPU.Build.0 = Debug|Any CPU
		{4C4FC71F-461F-461D-984A-B22783B47CBB}.Release|Any CPU.ActiveCfg = Release|Any CPU
		{4C4FC71F-461F-461D-984A-B22783B47CBB}.Release|Any CPU.Build.0 = Release|Any CPU
		{672A0195-C492-44E0-BE0C-BCDAE5533F3D}.Debug|Any CPU.ActiveCfg = Debug|Any CPU
		{672A0195-C492-44E0-BE0C-BCDAE5533F3D}.Debug|Any CPU.Build.0 = Debug|Any CPU
		{672A0195-C492-44E0-BE0C-BCDAE5533F3D}.Release|Any CPU.ActiveCfg = Release|Any CPU
		{672A0195-C492-44E0-BE0C-BCDAE5533F3D}.Release|Any CPU.Build.0 = Release|Any CPU
		{81323965-580E-4356-BE87-D9CBD53080DA}.Debug|Any CPU.ActiveCfg = Debug|Any CPU
		{81323965-580E-4356-BE87-D9CBD53080DA}.Debug|Any CPU.Build.0 = Debug|Any CPU
		{81323965-580E-4356-BE87-D9CBD53080DA}.Release|Any CPU.ActiveCfg = Release|Any CPU
		{81323965-580E-4356-BE87-D9CBD53080DA}.Release|Any CPU.Build.0 = Release|Any CPU
		{7B2790D5-3741-4AD0-BC94-93B24D637EA3}.Debug|Any CPU.ActiveCfg = Debug|Any CPU
		{7B2790D5-3741-4AD0-BC94-93B24D637EA3}.Debug|Any CPU.Build.0 = Debug|Any CPU
		{7B2790D5-3741-4AD0-BC94-93B24D637EA3}.Release|Any CPU.ActiveCfg = Release|Any CPU
		{7B2790D5-3741-4AD0-BC94-93B24D637EA3}.Release|Any CPU.Build.0 = Release|Any CPU
		{FB47606B-2453-4059-B6CE-99FDA3634B0D}.Debug|Any CPU.ActiveCfg = Debug|Any CPU
		{FB47606B-2453-4059-B6CE-99FDA3634B0D}.Debug|Any CPU.Build.0 = Debug|Any CPU
		{FB47606B-2453-4059-B6CE-99FDA3634B0D}.Release|Any CPU.ActiveCfg = Release|Any CPU
		{FB47606B-2453-4059-B6CE-99FDA3634B0D}.Release|Any CPU.Build.0 = Release|Any CPU
		{526E12AF-41AA-40DA-9D65-8E4B663470ED}.Debug|Any CPU.ActiveCfg = Debug|Any CPU
		{526E12AF-41AA-40DA-9D65-8E4B663470ED}.Debug|Any CPU.Build.0 = Debug|Any CPU
		{526E12AF-41AA-40DA-9D65-8E4B663470ED}.Release|Any CPU.ActiveCfg = Release|Any CPU
		{526E12AF-41AA-40DA-9D65-8E4B663470ED}.Release|Any CPU.Build.0 = Release|Any CPU
		{CEDA29CB-078E-4093-B2F4-55933DD1483E}.Debug|Any CPU.ActiveCfg = Debug|Any CPU
		{CEDA29CB-078E-4093-B2F4-55933DD1483E}.Debug|Any CPU.Build.0 = Debug|Any CPU
		{CEDA29CB-078E-4093-B2F4-55933DD1483E}.Release|Any CPU.ActiveCfg = Release|Any CPU
		{CEDA29CB-078E-4093-B2F4-55933DD1483E}.Release|Any CPU.Build.0 = Release|Any CPU
		{3D2CD739-31CB-4C26-A429-8F994C68622D}.Debug|Any CPU.ActiveCfg = Debug|Any CPU
		{3D2CD739-31CB-4C26-A429-8F994C68622D}.Debug|Any CPU.Build.0 = Debug|Any CPU
		{3D2CD739-31CB-4C26-A429-8F994C68622D}.Release|Any CPU.ActiveCfg = Release|Any CPU
		{3D2CD739-31CB-4C26-A429-8F994C68622D}.Release|Any CPU.Build.0 = Release|Any CPU
		{C8932A84-9AD5-49E8-B3BB-CBDF298EA2B1}.Debug|Any CPU.ActiveCfg = Debug|Any CPU
		{C8932A84-9AD5-49E8-B3BB-CBDF298EA2B1}.Debug|Any CPU.Build.0 = Debug|Any CPU
		{C8932A84-9AD5-49E8-B3BB-CBDF298EA2B1}.Release|Any CPU.ActiveCfg = Release|Any CPU
		{C8932A84-9AD5-49E8-B3BB-CBDF298EA2B1}.Release|Any CPU.Build.0 = Release|Any CPU
		{FC949F3F-B414-455E-9182-70673C0B135F}.Debug|Any CPU.ActiveCfg = Debug|Any CPU
		{FC949F3F-B414-455E-9182-70673C0B135F}.Debug|Any CPU.Build.0 = Debug|Any CPU
		{FC949F3F-B414-455E-9182-70673C0B135F}.Release|Any CPU.ActiveCfg = Release|Any CPU
		{FC949F3F-B414-455E-9182-70673C0B135F}.Release|Any CPU.Build.0 = Release|Any CPU
		{6DCA6259-3168-4BCA-AE2C-98B69E35407D}.Debug|Any CPU.ActiveCfg = Debug|Any CPU
		{6DCA6259-3168-4BCA-AE2C-98B69E35407D}.Debug|Any CPU.Build.0 = Debug|Any CPU
		{6DCA6259-3168-4BCA-AE2C-98B69E35407D}.Release|Any CPU.ActiveCfg = Release|Any CPU
		{6DCA6259-3168-4BCA-AE2C-98B69E35407D}.Release|Any CPU.Build.0 = Release|Any CPU
		{C8EBBE2C-5314-4C15-B0FF-60CEEEC2D5B3}.Debug|Any CPU.ActiveCfg = Debug|Any CPU
		{C8EBBE2C-5314-4C15-B0FF-60CEEEC2D5B3}.Debug|Any CPU.Build.0 = Debug|Any CPU
		{C8EBBE2C-5314-4C15-B0FF-60CEEEC2D5B3}.Release|Any CPU.ActiveCfg = Release|Any CPU
		{C8EBBE2C-5314-4C15-B0FF-60CEEEC2D5B3}.Release|Any CPU.Build.0 = Release|Any CPU
		{28AD60C1-6339-43D6-8D4E-30B1E5FDCFC3}.Debug|Any CPU.ActiveCfg = Debug|Any CPU
		{28AD60C1-6339-43D6-8D4E-30B1E5FDCFC3}.Debug|Any CPU.Build.0 = Debug|Any CPU
		{28AD60C1-6339-43D6-8D4E-30B1E5FDCFC3}.Release|Any CPU.ActiveCfg = Release|Any CPU
		{28AD60C1-6339-43D6-8D4E-30B1E5FDCFC3}.Release|Any CPU.Build.0 = Release|Any CPU
		{611E2E91-839B-4111-A3E0-A3F5E3BA6566}.Debug|Any CPU.ActiveCfg = Debug|Any CPU
		{611E2E91-839B-4111-A3E0-A3F5E3BA6566}.Debug|Any CPU.Build.0 = Debug|Any CPU
		{611E2E91-839B-4111-A3E0-A3F5E3BA6566}.Release|Any CPU.ActiveCfg = Release|Any CPU
		{611E2E91-839B-4111-A3E0-A3F5E3BA6566}.Release|Any CPU.Build.0 = Release|Any CPU
	EndGlobalSection
	GlobalSection(SolutionProperties) = preSolution
		HideSolutionNode = FALSE
	EndGlobalSection
	GlobalSection(NestedProjects) = preSolution
		{B1C07C46-9B0A-49B9-9E1F-51347A5C82F5} = {C8D7D76D-DC15-4651-9BE2-4FEBD371BCF8}
		{7A1419F0-C4CF-4B93-B51F-B9CD6C0EF7DA} = {B1C07C46-9B0A-49B9-9E1F-51347A5C82F5}
		{B15E0317-1183-4B1C-9D6B-BBDF8EEA68CB} = {B1C07C46-9B0A-49B9-9E1F-51347A5C82F5}
		{9F9CB6F0-E9EF-44FB-9A2A-D0835D9EC3FF} = {B1C07C46-9B0A-49B9-9E1F-51347A5C82F5}
		{FBF7ABA0-D1AB-46B2-8F45-B6129FB6E28B} = {B1C07C46-9B0A-49B9-9E1F-51347A5C82F5}
		{871797A2-E8AC-40A5-AC24-7A354FE23C2D} = {B1C07C46-9B0A-49B9-9E1F-51347A5C82F5}
		{619D3E33-9C19-437A-9FB1-A5DDF4436FB9} = {C8D7D76D-DC15-4651-9BE2-4FEBD371BCF8}
		{21E49583-2D98-46B4-A3DB-DCCB618CB30C} = {619D3E33-9C19-437A-9FB1-A5DDF4436FB9}
		{EC5E081E-927A-4D31-9FC4-6928E69FC8BD} = {619D3E33-9C19-437A-9FB1-A5DDF4436FB9}
		{AB90DB30-63D4-4A11-863D-F494A2E7796A} = {619D3E33-9C19-437A-9FB1-A5DDF4436FB9}
		{F8098CC5-5CEC-4DE8-B2BB-A4C5D720F9C4} = {619D3E33-9C19-437A-9FB1-A5DDF4436FB9}
		{5C56FBA8-DA0C-4E1B-BFBA-6AC13D77D725} = {619D3E33-9C19-437A-9FB1-A5DDF4436FB9}
		{1DA5AB6E-B738-449C-B43C-0857733A10C8} = {C8D7D76D-DC15-4651-9BE2-4FEBD371BCF8}
		{14ED3687-BD96-445C-9AFF-0DFDB783F8C3} = {1DA5AB6E-B738-449C-B43C-0857733A10C8}
		{AE56DE2C-471D-4946-99B9-F514B660212F} = {1DA5AB6E-B738-449C-B43C-0857733A10C8}
		{70C7B9DD-0B80-4C1E-8163-02B0DEBFF3F4} = {1DA5AB6E-B738-449C-B43C-0857733A10C8}
		{8E7820E3-5636-425A-B664-8155790084D0} = {1DA5AB6E-B738-449C-B43C-0857733A10C8}
		{29B78420-C42E-4EFB-8876-92925439FB7F} = {C8D7D76D-DC15-4651-9BE2-4FEBD371BCF8}
		{53F4118E-4D7A-4CCF-8259-05CB7E1D0ABB} = {29B78420-C42E-4EFB-8876-92925439FB7F}
		{B3D31F2C-23E5-417B-A7AD-8D4012CEA821} = {29B78420-C42E-4EFB-8876-92925439FB7F}
		{E99C6465-61D1-48B4-8B5C-1D4462E3C496} = {29B78420-C42E-4EFB-8876-92925439FB7F}
		{A97E76A5-874D-420F-8C49-67C2ADF35DBE} = {29B78420-C42E-4EFB-8876-92925439FB7F}
		{E2C2C1BA-7431-4C53-A576-A2F8B4A2698E} = {29B78420-C42E-4EFB-8876-92925439FB7F}
		{A13937A5-EE80-483D-8FAF-81971F62968E} = {29B78420-C42E-4EFB-8876-92925439FB7F}
		{A78ED937-00D4-431B-AFB3-855EB92DCB6B} = {C8D7D76D-DC15-4651-9BE2-4FEBD371BCF8}
		{BD25A05A-1D64-487C-A8CD-2725D48CA397} = {A78ED937-00D4-431B-AFB3-855EB92DCB6B}
		{A21D8FC7-AF27-4C6C-A0DF-413D4D61686B} = {A78ED937-00D4-431B-AFB3-855EB92DCB6B}
		{2372F937-CD20-47EA-9107-4CAEA86B598D} = {A78ED937-00D4-431B-AFB3-855EB92DCB6B}
		{0521DC03-378A-4563-A1AC-D93BC3B39724} = {A78ED937-00D4-431B-AFB3-855EB92DCB6B}
		{F0039DB8-ED1E-4236-BB1D-6624564F7949} = {29B650AB-A22E-43E9-81C3-0A1424378A2B}
		{4F0ABE5F-9B92-423E-A3BC-BBA81427A36D} = {F0039DB8-ED1E-4236-BB1D-6624564F7949}
		{532BD764-ED78-4921-AB66-8C948C178B78} = {F0039DB8-ED1E-4236-BB1D-6624564F7949}
		{BF073D0F-8FD8-4CBB-9C97-5806B0EB4A23} = {F0039DB8-ED1E-4236-BB1D-6624564F7949}
		{E63A3F3F-DDD1-4929-B5A1-0384A9A17E0F} = {F0039DB8-ED1E-4236-BB1D-6624564F7949}
		{892C777F-2309-4A1B-92FE-F98CA88073A5} = {F0039DB8-ED1E-4236-BB1D-6624564F7949}
		{B26C736F-D17E-416C-86AB-75484DA0DB44} = {29B650AB-A22E-43E9-81C3-0A1424378A2B}
		{F3EAC040-41D0-40EC-B343-DAB9ED08A3D6} = {B26C736F-D17E-416C-86AB-75484DA0DB44}
		{AD54F92E-57DA-4A68-9831-79F525F6BE7E} = {B26C736F-D17E-416C-86AB-75484DA0DB44}
		{BDFE9C7F-58DF-44B2-85E8-3F2BA7A7460B} = {B26C736F-D17E-416C-86AB-75484DA0DB44}
		{815AD331-D600-4213-80FC-EFF67528A4BD} = {B26C736F-D17E-416C-86AB-75484DA0DB44}
		{4C4FC71F-461F-461D-984A-B22783B47CBB} = {B26C736F-D17E-416C-86AB-75484DA0DB44}
		{CD7567DD-0487-4C81-9FB1-878C1CAB90FD} = {29B650AB-A22E-43E9-81C3-0A1424378A2B}
		{672A0195-C492-44E0-BE0C-BCDAE5533F3D} = {CD7567DD-0487-4C81-9FB1-878C1CAB90FD}
		{81323965-580E-4356-BE87-D9CBD53080DA} = {CD7567DD-0487-4C81-9FB1-878C1CAB90FD}
		{7B2790D5-3741-4AD0-BC94-93B24D637EA3} = {CD7567DD-0487-4C81-9FB1-878C1CAB90FD}
		{FB47606B-2453-4059-B6CE-99FDA3634B0D} = {CD7567DD-0487-4C81-9FB1-878C1CAB90FD}
		{EBBB2F79-5261-499D-99BE-EDE39B1F584F} = {29B650AB-A22E-43E9-81C3-0A1424378A2B}
		{526E12AF-41AA-40DA-9D65-8E4B663470ED} = {EBBB2F79-5261-499D-99BE-EDE39B1F584F}
		{CEDA29CB-078E-4093-B2F4-55933DD1483E} = {EBBB2F79-5261-499D-99BE-EDE39B1F584F}
		{3D2CD739-31CB-4C26-A429-8F994C68622D} = {EBBB2F79-5261-499D-99BE-EDE39B1F584F}
		{C8932A84-9AD5-49E8-B3BB-CBDF298EA2B1} = {EBBB2F79-5261-499D-99BE-EDE39B1F584F}
		{FC949F3F-B414-455E-9182-70673C0B135F} = {EBBB2F79-5261-499D-99BE-EDE39B1F584F}
		{6DCA6259-3168-4BCA-AE2C-98B69E35407D} = {EBBB2F79-5261-499D-99BE-EDE39B1F584F}
		{80C0E310-1257-414D-8B76-1B8F12239B2C} = {29B650AB-A22E-43E9-81C3-0A1424378A2B}
		{C8EBBE2C-5314-4C15-B0FF-60CEEEC2D5B3} = {80C0E310-1257-414D-8B76-1B8F12239B2C}
		{28AD60C1-6339-43D6-8D4E-30B1E5FDCFC3} = {80C0E310-1257-414D-8B76-1B8F12239B2C}
		{611E2E91-839B-4111-A3E0-A3F5E3BA6566} = {80C0E310-1257-414D-8B76-1B8F12239B2C}
	EndGlobalSection
	GlobalSection(ExtensibilityGlobals) = postSolution
		SolutionGuid = {4017661D-B21B-42ED-BE78-38583BDC210E}
	EndGlobalSection
EndGlobal
